id: com.konstantintutsch.Lock
runtime: org.gnome.Platform
runtime-version: '47'
sdk: org.gnome.Sdk
command: com.konstantintutsch.Lock
finish-args:
  - --device=dri
  - --share=ipc
  - --socket=wayland
  - --socket=fallback-x11
  - --filesystem=~/.gnupg:create
  - --socket=gpg-agent
  - --talk-name=org.gtk.vfs.*
  - --filesystem=xdg-run/gvfsd
cleanup:
  - /include
  - /share/pkgconfig
  - "*.la"
  - "*.a"
modules:
  - name: blueprint-compiler
    buildsystem: meson
    sources:
      - type: git
        url: https://gitlab.gnome.org/jwestman/blueprint-compiler.git
        commit: 8e10fcf8692108b9d4ab78f41086c5d7773ef864 # v0.14.0
    cleanup:
      - '*'
  - name: Lock
    buildsystem: meson
    run-tests: false
    config-opts:
      - -Dprofile=default
    sources:
      - type: git
        url: https://github.com/konstantintutsch/Lock.git
        commit: 3521779292698974bcd08af659c2846f265af4c4 # v0.1.0
  - name: Pinentry
    buildsystem: autotools
    config-opts:
      - --enable-maintainer-mode
      - --enable-pinentry-gnome3
      - --disable-pinentry-qt5
      - --disable-ncurses
      - --disable-fallback-curses
      - --disable-pinentry-curses
      - --disable-pinentry-emacs
      - --disable-pinentry-fltk
      - --disable-pinentry-tqt
      - --disable-pinentry-tty
    sources:
      - type: git
        url: https://dev.gnupg.org/source/pinentry.git
        commit: dd8894fa60c1f1c08ecc50ba4657580abc348347 # v1.3.1
