app-id: io.github.carterbox.Electricity_Clock
runtime: org.freedesktop.Platform
runtime-version: "22.08"
sdk: org.freedesktop.Sdk
command: electricity_clock

finish-args:
  - --share=network
  - --socket=wayland
  - --socket=fallback-x11
  - --device=dri

modules:
  - name: app
    buildsystem: simple
    sources:
      - type: file
        path: io.github.carterbox.Electricity_Clock.desktop
      - type: file
        path: io.github.carterbox.Electricity_Clock.metainfo.xml
      - type: archive
        only-arches:
          - x86_64
        url: https://github.com/carterbox/tofu/releases/download/2.0.0/io.github.carterbox.tofu-linux-x86_64-2.0.0.tar.gz
        sha256: 7261bec0da012a616268df0d0c5b4fb7a025ab79b83e109bfbc4e510e51eceab
        x-checker-data:
          type: rotating-url
          url: https://github.com/carterbox/tofu/releases/latest
          pattern: https://github.com/carterbox/tofu/releases/download([0-9.]+)/io.github.carterbox.tofu-linux-x86_64-([0-9.]+).tar.gz
          version-scheme: semantic
      - type: archive
        only-arches:
          - aarch64
        url: https://github.com/carterbox/tofu/releases/download/2.0.0/io.github.carterbox.tofu-linux-arm64-2.0.0.tar.gz
        sha256: 9c27f4bc4e01a37012f605d2918c6de01b6468029346bac99641a00a3ce60312
        x-checker-data:
          type: rotating-url
          url: https://github.com/carterbox/tofu/releases/latest
          pattern: https://github.com/carterbox/tofu/releases/download([0-9.]+)/io.github.carterbox.tofu-linux-arm64-([0-9.]+).tar.gz
          version-scheme: semantic
    build-commands:
      - mkdir -p /app/Electricity_Clock
      - mv electricity_clock /app/Electricity_Clock/electricity_clock
      - mv lib /app/Electricity_Clock
      - mv data /app/Electricity_Clock
      - chmod +x /app/Electricity_Clock/electricity_clock
      - mkdir -p /app/bin
      - ln -s /app/Electricity_Clock/electricity_clock /app/bin/electricity_clock
      - install -Dm644 icon.png /app/share/icons/hicolor/512x512/apps/io.github.carterbox.Electricity_Clock.png
      - install -Dm644 io.github.carterbox.Electricity_Clock.desktop -t /app/share/applications/
      - install -Dm644 io.github.carterbox.Electricity_Clock.metainfo.xml -t /app/share/metainfo/
