app-id: one.alynx.FlipClock
runtime: org.freedesktop.Platform
runtime-version: "21.08"
sdk: org.freedesktop.Sdk
command: flipclock
finish-args:
  # See <https://docs.flatpak.org/en/latest/sandbox-permissions.html#standard-permissions>.
  # OpenGL rendering.
  - "--device=dri"
  # Share IPC namespace with the host (necessary for X11).
  - "--share=ipc"
  # Show windows using X11, if Wayland is not available.
  - "--socket=fallback-x11"
  # Show windows with Wayland.
  - "--socket=wayland"
modules:
  - name: flipclock
    buildsystem: meson
    sources:
      - type: archive
        url: https://github.com/AlynxZhou/flipclock/archive/v2.8.7.tar.gz
        sha512: b9f91a1a32ce4dc54a5a3197328c6486c5b54e4fcda61aa5d1578749bcd4bfb9cc80dc9fb146dda8b631750d4740384e3d26ee44f83ac5c3a53deaf33f0b6dbf
