{
  "name": "tutanota-desktop-snapshot",
  "version": "1554833794299.0.0",
  "lockfileVersion": 1,
  "requires": true,
  "dependencies": {
    "argparse": {
      "version": "1.0.10",
      "resolved": "https://registry.npmjs.org/argparse/-/argparse-1.0.10.tgz",
      "integrity": "sha512-o5Roy6tNG4SL/FOkCAN6RzjiakZS25RLYFrcMttJqbdd8BWrnA+fGz57iN5Pb06pvBGvl5gQ0B48dJlslXvoTg==",
      "requires": {
        "sprintf-js": "1.0.3"
      }
    },
    "bluebird": {
      "version": "3.5.2",
      "resolved": "https://registry.npmjs.org/bluebird/-/bluebird-3.5.2.tgz",
      "integrity": "sha512-dhHTWMI7kMx5whMQntl7Vr9C6BvV10lFXDAasnqnrMYhXVCzzk6IO9Fo2L75jXHT07WrOngL1WDXOp+yYS91Yg=="
    },
    "bluebird-lst": {
      "version": "1.0.7",
      "resolved": "https://registry.npmjs.org/bluebird-lst/-/bluebird-lst-1.0.7.tgz",
      "integrity": "sha512-5ix04IbXVIZ6nSRM4aZnwQfk40Td0D57WAl8LfhnICF6XwT4efCZYh0veOHvfDmgpbqE4ju5L5XEAMIcAe13Kw==",
      "requires": {
        "bluebird": "3.5.4"
      },
      "dependencies": {
        "bluebird": {
          "version": "3.5.4",
          "resolved": "https://registry.npmjs.org/bluebird/-/bluebird-3.5.4.tgz",
          "integrity": "sha512-FG+nFEZChJrbQ9tIccIfZJBz3J7mLrAhxakAbnrJWn8d7aKOC+LWifa0G+p4ZqKp4y13T7juYvdhq9NzKdsrjw=="
        }
      }
    },
    "buffer-from": {
      "version": "1.1.1",
      "resolved": "https://registry.npmjs.org/buffer-from/-/buffer-from-1.1.1.tgz",
      "integrity": "sha512-MQcXEUbCKtEo7bhqEs6560Hyd4XaovZlO/k9V3hjVUF/zwW7KBVdSK4gIt/bzwS9MbR5qob+F5jusZsb0YQK2A=="
    },
    "builder-util-runtime": {
      "version": "8.1.1",
      "resolved": "https://registry.npmjs.org/builder-util-runtime/-/builder-util-runtime-8.1.1.tgz",
      "integrity": "sha512-+ieS4PMB33vVE2S3ZNWBEQJ1zKmAs/agrBdh7XadE1lKLjrH4aXYuOh9OOGdxqIRldhlhNBaF+yKMMEFOdNVig==",
      "requires": {
        "bluebird-lst": "1.0.7",
        "debug": "4.1.1",
        "fs-extra-p": "7.0.1",
        "sax": "1.2.4"
      },
      "dependencies": {
        "debug": {
          "version": "4.1.1",
          "resolved": "https://registry.npmjs.org/debug/-/debug-4.1.1.tgz",
          "integrity": "sha512-pYAIzeRo8J6KPEaJ0VWOh5Pzkbw/RetuzehGM7QRRX5he4fPHx2rdKMB256ehJCkX+XRQm16eZLqLNS8RSZXZw==",
          "requires": {
            "ms": "2.1.1"
          }
        },
        "ms": {
          "version": "2.1.1",
          "resolved": "https://registry.npmjs.org/ms/-/ms-2.1.1.tgz",
          "integrity": "sha512-tgp+dl5cGk28utYktBsrFqA7HKgrhgPsg6Z/EfhWI4gl1Hwq8B/GmY/0oXZ6nF8hDVesS/FpnYaD/kOWhYQvyg=="
        }
      }
    },
    "debug": {
      "version": "2.6.9",
      "resolved": "https://registry.npmjs.org/debug/-/debug-2.6.9.tgz",
      "integrity": "sha512-bC7ElrdJaJnPbAP+1EotYvqZsb3ecl5wi6Bfi6BJTUcNowp6cvspg0jXznRTKDjm/E7AdgFBVeAPVMNcKGsHMA==",
      "requires": {
        "ms": "2.0.0"
      }
    },
    "electron-is-accelerator": {
      "version": "0.1.2",
      "resolved": "https://registry.npmjs.org/electron-is-accelerator/-/electron-is-accelerator-0.1.2.tgz",
      "integrity": "sha1-UJ5RDCala1Xhf4Y6SwThEYRqsns="
    },
    "electron-localshortcut": {
      "version": "3.1.0",
      "resolved": "https://registry.npmjs.org/electron-localshortcut/-/electron-localshortcut-3.1.0.tgz",
      "integrity": "sha512-MgL/j5jdjW7iA0R6cI7S045B0GlKXWM1FjjujVPjlrmyXRa6yH0bGSaIAfxXAF9tpJm3pLEiQzerYHkRh9JG/A==",
      "requires": {
        "debug": "2.6.9",
        "electron-is-accelerator": "0.1.2",
        "keyboardevent-from-electron-accelerator": "1.1.0",
        "keyboardevents-areequal": "0.2.2"
      }
    },
    "electron-updater": {
      "version": "4.0.7",
      "resolved": "https://registry.npmjs.org/electron-updater/-/electron-updater-4.0.7.tgz",
      "integrity": "sha512-VjwiYokZlvGXt0mgZgFdyScDkBqHdrVO3hYS7lFtFXzNQPQCLokzEBsUiRO3aI4Rm92CnzVO/f9Epz3mFJXvig==",
      "requires": {
        "bluebird-lst": "1.0.7",
        "builder-util-runtime": "8.1.1",
        "fs-extra-p": "7.0.1",
        "js-yaml": "3.13.1",
        "lazy-val": "1.0.4",
        "lodash.isequal": "4.5.0",
        "pako": "1.0.10",
        "semver": "5.7.0",
        "source-map-support": "0.5.12"
      }
    },
    "esprima": {
      "version": "4.0.1",
      "resolved": "https://registry.npmjs.org/esprima/-/esprima-4.0.1.tgz",
      "integrity": "sha512-eGuFFw7Upda+g4p+QHvnW0RyTX/SVeJBDM/gCtMARO0cLuT2HcEKnTPvhjV6aGeqrCB/sbNop0Kszm0jsaWU4A=="
    },
    "fs-extra": {
      "version": "7.0.1",
      "resolved": "https://registry.npmjs.org/fs-extra/-/fs-extra-7.0.1.tgz",
      "integrity": "sha512-YJDaCJZEnBmcbw13fvdAM9AwNOJwOzrE4pqMqBq5nFiEqXUqHwlK4B+3pUw6JNvfSPtX05xFHtYy/1ni01eGCw==",
      "requires": {
        "graceful-fs": "4.1.15",
        "jsonfile": "4.0.0",
        "universalify": "0.1.2"
      }
    },
    "fs-extra-p": {
      "version": "7.0.1",
      "resolved": "https://registry.npmjs.org/fs-extra-p/-/fs-extra-p-7.0.1.tgz",
      "integrity": "sha512-yhd2OV0HnHt2oitlp+X9hl2ReX4X/7kQeL7/72qzPHTZj5eUPGzAKOvEglU02Fa1OeG2rSy/aKB4WGVaLiF8tw==",
      "requires": {
        "bluebird-lst": "1.0.7",
        "fs-extra": "7.0.1"
      }
    },
    "graceful-fs": {
      "version": "4.1.15",
      "resolved": "https://registry.npmjs.org/graceful-fs/-/graceful-fs-4.1.15.tgz",
      "integrity": "sha512-6uHUhOPEBgQ24HM+r6b/QwWfZq+yiFcipKFrOFiBEnWdy5sdzYoi+pJeQaPI5qOLRFqWmAXUPQNsielzdLoecA=="
    },
    "js-yaml": {
      "version": "3.13.1",
      "resolved": "https://registry.npmjs.org/js-yaml/-/js-yaml-3.13.1.tgz",
      "integrity": "sha512-YfbcO7jXDdyj0DGxYVSlSeQNHbD7XPWvrVWeVUujrQEoZzWJIRrCPoyk6kL6IAjAG2IolMK4T0hNUe0HOUs5Jw==",
      "requires": {
        "argparse": "1.0.10",
        "esprima": "4.0.1"
      }
    },
    "jsonfile": {
      "version": "4.0.0",
      "resolved": "https://registry.npmjs.org/jsonfile/-/jsonfile-4.0.0.tgz",
      "integrity": "sha1-h3Gq4HmbZAdrdmQPygWPnBDjPss=",
      "requires": {
        "graceful-fs": "4.1.15"
      }
    },
    "keyboardevent-from-electron-accelerator": {
      "version": "1.1.0",
      "resolved": "https://registry.npmjs.org/keyboardevent-from-electron-accelerator/-/keyboardevent-from-electron-accelerator-1.1.0.tgz",
      "integrity": "sha512-VDC4vKWGrR3VgIKCE4CsXnvObGgP8C2idnTKEMUkuEuvDGE1GEBX9FtNdJzrD00iQlhI3xFxRaeItsUmlERVng=="
    },
    "keyboardevents-areequal": {
      "version": "0.2.2",
      "resolved": "https://registry.npmjs.org/keyboardevents-areequal/-/keyboardevents-areequal-0.2.2.tgz",
      "integrity": "sha512-Nv+Kr33T0mEjxR500q+I6IWisOQ0lK1GGOncV0kWE6n4KFmpcu7RUX5/2B0EUtX51Cb0HjZ9VJsSY3u4cBa0kw=="
    },
    "lazy-val": {
      "version": "1.0.4",
      "resolved": "https://registry.npmjs.org/lazy-val/-/lazy-val-1.0.4.tgz",
      "integrity": "sha512-u93kb2fPbIrfzBuLjZE+w+fJbUUMhNDXxNmMfaqNgpfQf1CO5ZSe2LfsnBqVAk7i/2NF48OSoRj+Xe2VT+lE8Q=="
    },
    "lodash.isequal": {
      "version": "4.5.0",
      "resolved": "https://registry.npmjs.org/lodash.isequal/-/lodash.isequal-4.5.0.tgz",
      "integrity": "sha1-QVxEePK8wwEgwizhDtMib30+GOA="
    },
    "ms": {
      "version": "2.0.0",
      "resolved": "https://registry.npmjs.org/ms/-/ms-2.0.0.tgz",
      "integrity": "sha1-VgiurfwAvmwpAd9fmGF4jeDVl8g="
    },
    "node-forge": {
      "version": "0.8.1",
      "resolved": "https://registry.npmjs.org/node-forge/-/node-forge-0.8.1.tgz",
      "integrity": "sha512-C/42HVb5eRtnDgRKOFx4bJH6LwbGQwbEHOC/trQwQSR6xWAUR/jlWoUJnxOmFTvdmDIZtjl2VH4dl3VpQuIz5g=="
    },
    "pako": {
      "version": "1.0.10",
      "resolved": "https://registry.npmjs.org/pako/-/pako-1.0.10.tgz",
      "integrity": "sha512-0DTvPVU3ed8+HNXOu5Bs+o//Mbdj9VNQMUOe9oKCwh8l0GNwpTDMKCWbRjgtD291AWnkAgkqA/LOnQS8AmS1tw=="
    },
    "sax": {
      "version": "1.2.4",
      "resolved": "https://registry.npmjs.org/sax/-/sax-1.2.4.tgz",
      "integrity": "sha512-NqVDv9TpANUjFm0N8uM5GxL36UgKi9/atZw+x7YFnQ8ckwFGKrl4xX4yWtrey3UJm5nP1kUbnYgLopqWNSRhWw=="
    },
    "semver": {
      "version": "5.7.0",
      "resolved": "https://registry.npmjs.org/semver/-/semver-5.7.0.tgz",
      "integrity": "sha512-Ya52jSX2u7QKghxeoFGpLwCtGlt7j0oY9DYb5apt9nPlJ42ID+ulTXESnt/qAQcoSERyZ5sl3LDIOw0nAn/5DA=="
    },
    "source-map": {
      "version": "0.6.1",
      "resolved": "https://registry.npmjs.org/source-map/-/source-map-0.6.1.tgz",
      "integrity": "sha512-UjgapumWlbMhkBgzT7Ykc5YXUT46F0iKu8SGXq0bcwP5dz/h0Plj6enJqjz1Zbq2l5WaqYnrVbwWOWMyF3F47g=="
    },
    "source-map-support": {
      "version": "0.5.12",
      "resolved": "https://registry.npmjs.org/source-map-support/-/source-map-support-0.5.12.tgz",
      "integrity": "sha512-4h2Pbvyy15EE02G+JOZpUCmqWJuqrs+sEkzewTm++BPi7Hvn/HwcqLAcNxYAyI0x13CpPPn+kMjl+hplXMHITQ==",
      "requires": {
        "buffer-from": "1.1.1",
        "source-map": "0.6.1"
      }
    },
    "sprintf-js": {
      "version": "1.0.3",
      "resolved": "https://registry.npmjs.org/sprintf-js/-/sprintf-js-1.0.3.tgz",
      "integrity": "sha1-BOaSb2YolTVPPdAVIDYzuFcpfiw="
    },
    "universalify": {
      "version": "0.1.2",
      "resolved": "https://registry.npmjs.org/universalify/-/universalify-0.1.2.tgz",
      "integrity": "sha512-rBJeI5CXAlmy1pV+617WB9J63U6XcazHHF2f2dbJix4XzpUF0RS3Zbj0FGIOCAva5P/d/GBOYaACQ1w+0azUkg=="
    },
    "winreg": {
      "version": "1.2.4",
      "resolved": "https://registry.npmjs.org/winreg/-/winreg-1.2.4.tgz",
      "integrity": "sha1-ugZWKbepJRMOFXeRCM9UCZDpjRs="
    }
  }
}
