{
  "name": "workspace",
  "lockfileVersion": 3,
  "requires": true,
  "packages": {
    "": {
      "dependencies": {
        "audit": "^0.0.6"
      }
    },
    "node_modules/audit": {
      "version": "0.0.6",
      "resolved": "https://registry.npmjs.org/audit/-/audit-0.0.6.tgz",
      "integrity": "sha512-xgv3Y3RIYE00N2/xk10VLlwFd1kjc7FRaX1vC8+CsOfDRe53a06vOSkp91BOSNijZfddYum47a1Fvju/2+JPcw==",
      "engines": {
        "node": ">= 0.5.0"
      }
    }
  }
}
