# DO NOT EDIT.
# Any changes will be overwritten.
#
# Generated by flatpak-flutter v0.15.0
# Source: flatpak-flutter.yml
#
# Visit the project at https://github.com/TheAppgineer/flatpak-flutter

id: io.github.andreaswurzer110_hub.Notizblock
runtime: org.gnome.Platform
runtime-version: '49'
sdk: org.gnome.Sdk
command: notizblock
finish-args:
  - --share=network
  - --socket=x11
  - --share=ipc
  - --device=dri
cleanup:
  - '*.a'
  - '*.la'
  - /include
  - /lib/pkgconfig
modules:
  - name: notizblock
    buildsystem: simple
    build-options:
      # /run/build/notizblock/wrappers: Verzeichnis für clang++/clang-Wrapper (→ g++/gcc),
      # da Flutter CXX=clang++ intern setzt und GNOME SDK kein clang hat.
      append-path: /run/build/notizblock/wrappers:/var/lib/flutter/bin
      env:
        NOTIZBLOCK_APP_ID: io.github.andreaswurzer110_hub.Notizblock
        PUB_CACHE: /run/build/notizblock/.pub-cache
    build-commands:
      - setup-flutter.sh
      - mkdir -p wrappers && printf '#!/bin/sh\nexec g++ "$@"\n' > wrappers/clang++ && chmod +x wrappers/clang++
      - printf '#!/bin/sh\nexec gcc "$@"\n' > wrappers/clang && chmod +x wrappers/clang
      - cp flatpak/google_drive_config.dart lib/services/google_drive_config.dart
      - flutter config --no-analytics --no-cli-animations
      - flutter pub get --offline
      - flutter build linux --release --verbose
      - mkdir -p /app/notizblock
      - cp -r build/linux/*/release/bundle/. /app/notizblock/
      - mkdir -p /app/bin
      - ln -s /app/notizblock/notizblock /app/bin/notizblock
      - install -Dm644 flatpak/io.github.andreaswurzer110_hub.Notizblock.desktop /app/share/applications/io.github.andreaswurzer110_hub.Notizblock.desktop
      - install -Dm644 flatpak/icons/icon-256.png /app/share/icons/hicolor/256x256/apps/io.github.andreaswurzer110_hub.Notizblock.png
      - install -Dm644 flatpak/io.github.andreaswurzer110_hub.Notizblock.metainfo.xml
        /app/share/metainfo/io.github.andreaswurzer110_hub.Notizblock.metainfo.xml
    sources:
      - type: git
        url: https://github.com/andreaswurzer110-hub/notizblock.git
        tag: v1.25.0
        commit: a95e03df5ec817e33667fe5aec6d646e82921f37
      - generated/sources/pubspec.json
    modules:
      - generated/modules/flutter-sdk-3.44.0.json
