
Microsoft Visual Studio Solution File, Format Version 10.00
# Visual Studio 2008
Project("{8BC9CEB8-8B4A-11D0-8D11-00A0C91BC942}") = "Galaxy", "Galaxy.vcproj", "{B7442F6F-7348-41E7-A5D3-62751B12ECB7}"
EndProject
Global
	GlobalSection(SolutionConfigurationPlatforms) = preSolution
		Debug|Win32 = Debug|Win32
		InHouse|Win32 = InHouse|Win32
		Release|Win32 = Release|Win32
	EndGlobalSection
	GlobalSection(ProjectConfigurationPlatforms) = postSolution
		{B7442F6F-7348-41E7-A5D3-62751B12ECB7}.Debug|Win32.ActiveCfg = Debug|Win32
		{B7442F6F-7348-41E7-A5D3-62751B12ECB7}.Debug|Win32.Build.0 = Debug|Win32
		{B7442F6F-7348-41E7-A5D3-62751B12ECB7}.InHouse|Win32.ActiveCfg = InHouse|Win32
		{B7442F6F-7348-41E7-A5D3-62751B12ECB7}.InHouse|Win32.Build.0 = InHouse|Win32
		{B7442F6F-7348-41E7-A5D3-62751B12ECB7}.Release|Win32.ActiveCfg = Release|Win32
		{B7442F6F-7348-41E7-A5D3-62751B12ECB7}.Release|Win32.Build.0 = Release|Win32
	EndGlobalSection
	GlobalSection(SolutionProperties) = preSolution
		HideSolutionNode = FALSE
	EndGlobalSection
EndGlobal
