
Microsoft Visual Studio Solution File, Format Version 10.00
# Visual Studio 2008
Project("{8BC9CEB8-8B4A-11D0-8D11-00A0C91BC942}") = "codered", "codered.vcproj", "{C974B111-160F-405E-B596-707EC302C214}"
	ProjectSection(ProjectDependencies) = postProject
		{F0514D81-BDFE-4A57-9AC7-F4B814560EFB} = {F0514D81-BDFE-4A57-9AC7-F4B814560EFB}
	EndProjectSection
EndProject
Project("{8BC9CEB8-8B4A-11D0-8D11-00A0C91BC942}") = "game", "game\game.vcproj", "{F0514D81-BDFE-4A57-9AC7-F4B814560EFB}"
EndProject
Global
	GlobalSection(SolutionConfigurationPlatforms) = preSolution
		Alien Arena|Win32 = Alien Arena|Win32
		Alien Arena|x64 = Alien Arena|x64
		Debug|Win32 = Debug|Win32
		Debug|x64 = Debug|x64
		Release|Win32 = Release|Win32
		Release|x64 = Release|x64
	EndGlobalSection
	GlobalSection(ProjectConfigurationPlatforms) = postSolution
		{C974B111-160F-405E-B596-707EC302C214}.Alien Arena|Win32.ActiveCfg = Release|Win32
		{C974B111-160F-405E-B596-707EC302C214}.Alien Arena|Win32.Build.0 = Release|Win32
		{C974B111-160F-405E-B596-707EC302C214}.Alien Arena|x64.ActiveCfg = Release|x64
		{C974B111-160F-405E-B596-707EC302C214}.Alien Arena|x64.Build.0 = Release|x64
		{C974B111-160F-405E-B596-707EC302C214}.Debug|Win32.ActiveCfg = Debug|Win32
		{C974B111-160F-405E-B596-707EC302C214}.Debug|Win32.Build.0 = Debug|Win32
		{C974B111-160F-405E-B596-707EC302C214}.Debug|x64.ActiveCfg = Debug|x64
		{C974B111-160F-405E-B596-707EC302C214}.Debug|x64.Build.0 = Debug|x64
		{C974B111-160F-405E-B596-707EC302C214}.Release|Win32.ActiveCfg = Release|Win32
		{C974B111-160F-405E-B596-707EC302C214}.Release|Win32.Build.0 = Release|Win32
		{C974B111-160F-405E-B596-707EC302C214}.Release|x64.ActiveCfg = Release|x64
		{C974B111-160F-405E-B596-707EC302C214}.Release|x64.Build.0 = Release|x64
		{F0514D81-BDFE-4A57-9AC7-F4B814560EFB}.Alien Arena|Win32.ActiveCfg = Alien Arena|Win32
		{F0514D81-BDFE-4A57-9AC7-F4B814560EFB}.Alien Arena|Win32.Build.0 = Alien Arena|Win32
		{F0514D81-BDFE-4A57-9AC7-F4B814560EFB}.Alien Arena|x64.ActiveCfg = Alien Arena|x64
		{F0514D81-BDFE-4A57-9AC7-F4B814560EFB}.Alien Arena|x64.Build.0 = Alien Arena|x64
		{F0514D81-BDFE-4A57-9AC7-F4B814560EFB}.Debug|Win32.ActiveCfg = Debug|Win32
		{F0514D81-BDFE-4A57-9AC7-F4B814560EFB}.Debug|Win32.Build.0 = Debug|Win32
		{F0514D81-BDFE-4A57-9AC7-F4B814560EFB}.Debug|x64.ActiveCfg = Debug|x64
		{F0514D81-BDFE-4A57-9AC7-F4B814560EFB}.Debug|x64.Build.0 = Debug|x64
		{F0514D81-BDFE-4A57-9AC7-F4B814560EFB}.Release|Win32.ActiveCfg = Alien Arena|Win32
		{F0514D81-BDFE-4A57-9AC7-F4B814560EFB}.Release|Win32.Build.0 = Alien Arena|Win32
		{F0514D81-BDFE-4A57-9AC7-F4B814560EFB}.Release|x64.ActiveCfg = Alien Arena|x64
	EndGlobalSection
	GlobalSection(SolutionProperties) = preSolution
		HideSolutionNode = FALSE
	EndGlobalSection
EndGlobal
