Microsoft Visual Studio Solution File, Format Version 11.00
# Visual C++ Express 2010
Project("{8BC9CEB8-8B4A-11D0-8D11-00A0C91BC942}") = "crx", "vs2010\crx.vcxproj", "{79F07E75-8F44-4C0E-96A9-F4529D29B925}"
	ProjectSection(ProjectDependencies) = postProject
		{FFB5B720-9A89-EF4F-8E25-3A715FB62AD9} = {FFB5B720-9A89-EF4F-8E25-3A715FB62AD9}
		{D66F2B2A-B2AF-4FC5-ACDC-42E846ACE9E3} = {D66F2B2A-B2AF-4FC5-ACDC-42E846ACE9E3}
		{8AE35F6D-2EE6-4674-BBB0-44597A0836C5} = {8AE35F6D-2EE6-4674-BBB0-44597A0836C5}
		{E342E49D-18D6-4805-A197-3A116BB2DF46} = {E342E49D-18D6-4805-A197-3A116BB2DF46}
		{15145AAC-73E1-40F3-AE1F-3D5EF7BCD6F3} = {15145AAC-73E1-40F3-AE1F-3D5EF7BCD6F3}
		{1A8101AE-D897-4E84-A7BB-9A140EB5BA61} = {1A8101AE-D897-4E84-A7BB-9A140EB5BA61}
		{DD3D57B0-5ED0-453B-80C6-1D10323EEC17} = {DD3D57B0-5ED0-453B-80C6-1D10323EEC17}
		{78B079BD-9FC7-4B9E-B4A6-96DA0F00248B} = {78B079BD-9FC7-4B9E-B4A6-96DA0F00248B}
		{275507E3-071F-4A7D-9680-7E7EC749F872} = {275507E3-071F-4A7D-9680-7E7EC749F872}
	EndProjectSection
EndProject
Project("{8BC9CEB8-8B4A-11D0-8D11-00A0C91BC942}") = "game", "vs2010\game.vcxproj", "{15145AAC-73E1-40F3-AE1F-3D5EF7BCD6F3}"
	ProjectSection(ProjectDependencies) = postProject
		{FFB5B720-9A89-EF4F-8E25-3A715FB62AD9} = {FFB5B720-9A89-EF4F-8E25-3A715FB62AD9}
		{D66F2B2A-B2AF-4FC5-ACDC-42E846ACE9E3} = {D66F2B2A-B2AF-4FC5-ACDC-42E846ACE9E3}
		{8AE35F6D-2EE6-4674-BBB0-44597A0836C5} = {8AE35F6D-2EE6-4674-BBB0-44597A0836C5}
		{E342E49D-18D6-4805-A197-3A116BB2DF46} = {E342E49D-18D6-4805-A197-3A116BB2DF46}
		{1A8101AE-D897-4E84-A7BB-9A140EB5BA61} = {1A8101AE-D897-4E84-A7BB-9A140EB5BA61}
		{DD3D57B0-5ED0-453B-80C6-1D10323EEC17} = {DD3D57B0-5ED0-453B-80C6-1D10323EEC17}
		{275507E3-071F-4A7D-9680-7E7EC749F872} = {275507E3-071F-4A7D-9680-7E7EC749F872}
	EndProjectSection
EndProject
Project("{8BC9CEB8-8B4A-11D0-8D11-00A0C91BC942}") = "libcurl", "vs2010\libcurl.vcxproj", "{1A8101AE-D897-4E84-A7BB-9A140EB5BA61}"
	ProjectSection(ProjectDependencies) = postProject
		{275507E3-071F-4A7D-9680-7E7EC749F872} = {275507E3-071F-4A7D-9680-7E7EC749F872}
	EndProjectSection
EndProject
Project("{8BC9CEB8-8B4A-11D0-8D11-00A0C91BC942}") = "zlib", "vs2010\zlib.vcxproj", "{275507E3-071F-4A7D-9680-7E7EC749F872}"
EndProject
Project("{8BC9CEB8-8B4A-11D0-8D11-00A0C91BC942}") = "libvorbisfile", "vs2010\libvorbisfile.vcxproj", "{D66F2B2A-B2AF-4FC5-ACDC-42E846ACE9E3}"
	ProjectSection(ProjectDependencies) = postProject
		{8AE35F6D-2EE6-4674-BBB0-44597A0836C5} = {8AE35F6D-2EE6-4674-BBB0-44597A0836C5}
		{DD3D57B0-5ED0-453B-80C6-1D10323EEC17} = {DD3D57B0-5ED0-453B-80C6-1D10323EEC17}
	EndProjectSection
EndProject
Project("{8BC9CEB8-8B4A-11D0-8D11-00A0C91BC942}") = "libvorbis", "vs2010\libvorbis.vcxproj", "{8AE35F6D-2EE6-4674-BBB0-44597A0836C5}"
	ProjectSection(ProjectDependencies) = postProject
		{DD3D57B0-5ED0-453B-80C6-1D10323EEC17} = {DD3D57B0-5ED0-453B-80C6-1D10323EEC17}
	EndProjectSection
EndProject
Project("{8BC9CEB8-8B4A-11D0-8D11-00A0C91BC942}") = "libogg", "vs2010\libogg.vcxproj", "{DD3D57B0-5ED0-453B-80C6-1D10323EEC17}"
EndProject
Project("{8BC9CEB8-8B4A-11D0-8D11-00A0C91BC942}") = "libjpeg", "vs2010\libjpeg.vcxproj", "{E342E49D-18D6-4805-A197-3A116BB2DF46}"
EndProject
Project("{8BC9CEB8-8B4A-11D0-8D11-00A0C91BC942}") = "libode", "vs2010\libode.vcxproj", "{FFB5B720-9A89-EF4F-8E25-3A715FB62AD9}"
EndProject
Project("{8BC9CEB8-8B4A-11D0-8D11-00A0C91BC942}") = "freetype", "vs2010\freetype.vcxproj", "{78B079BD-9FC7-4B9E-B4A6-96DA0F00248B}"
EndProject
Global
	GlobalSection(SolutionConfigurationPlatforms) = preSolution
		Alteria_debug|Win32 = Alteria_debug|Win32
		alteria|Win32 = alteria|Win32
		Debug|Win32 = Debug|Win32
		Release|Win32 = Release|Win32
		Tactical|Win32 = Tactical|Win32
	EndGlobalSection
	GlobalSection(ProjectConfigurationPlatforms) = postSolution
		{79F07E75-8F44-4C0E-96A9-F4529D29B925}.Alteria_debug|Win32.ActiveCfg = Alteria_debug|Win32
		{79F07E75-8F44-4C0E-96A9-F4529D29B925}.Alteria_debug|Win32.Build.0 = Alteria_debug|Win32
		{79F07E75-8F44-4C0E-96A9-F4529D29B925}.alteria|Win32.ActiveCfg = alteria|Win32
		{79F07E75-8F44-4C0E-96A9-F4529D29B925}.alteria|Win32.Build.0 = alteria|Win32
		{79F07E75-8F44-4C0E-96A9-F4529D29B925}.Debug|Win32.ActiveCfg = Debug|Win32
		{79F07E75-8F44-4C0E-96A9-F4529D29B925}.Debug|Win32.Build.0 = Debug|Win32
		{79F07E75-8F44-4C0E-96A9-F4529D29B925}.Release|Win32.ActiveCfg = Release|Win32
		{79F07E75-8F44-4C0E-96A9-F4529D29B925}.Release|Win32.Build.0 = Release|Win32
		{79F07E75-8F44-4C0E-96A9-F4529D29B925}.Tactical|Win32.ActiveCfg = Tactical|Win32
		{79F07E75-8F44-4C0E-96A9-F4529D29B925}.Tactical|Win32.Build.0 = Tactical|Win32
		{15145AAC-73E1-40F3-AE1F-3D5EF7BCD6F3}.Alteria_debug|Win32.ActiveCfg = Alteria_debug|Win32
		{15145AAC-73E1-40F3-AE1F-3D5EF7BCD6F3}.Alteria_debug|Win32.Build.0 = Alteria_debug|Win32
		{15145AAC-73E1-40F3-AE1F-3D5EF7BCD6F3}.alteria|Win32.ActiveCfg = alteria|Win32
		{15145AAC-73E1-40F3-AE1F-3D5EF7BCD6F3}.alteria|Win32.Build.0 = alteria|Win32
		{15145AAC-73E1-40F3-AE1F-3D5EF7BCD6F3}.Debug|Win32.ActiveCfg = Debug|Win32
		{15145AAC-73E1-40F3-AE1F-3D5EF7BCD6F3}.Debug|Win32.Build.0 = Debug|Win32
		{15145AAC-73E1-40F3-AE1F-3D5EF7BCD6F3}.Release|Win32.ActiveCfg = Release|Win32
		{15145AAC-73E1-40F3-AE1F-3D5EF7BCD6F3}.Release|Win32.Build.0 = Release|Win32
		{15145AAC-73E1-40F3-AE1F-3D5EF7BCD6F3}.Tactical|Win32.ActiveCfg = Tactical|Win32
		{15145AAC-73E1-40F3-AE1F-3D5EF7BCD6F3}.Tactical|Win32.Build.0 = Tactical|Win32
		{1A8101AE-D897-4E84-A7BB-9A140EB5BA61}.Alteria_debug|Win32.ActiveCfg = Alteria_debug|Win32
		{1A8101AE-D897-4E84-A7BB-9A140EB5BA61}.Alteria_debug|Win32.Build.0 = Alteria_debug|Win32
		{1A8101AE-D897-4E84-A7BB-9A140EB5BA61}.alteria|Win32.ActiveCfg = alteria|Win32
		{1A8101AE-D897-4E84-A7BB-9A140EB5BA61}.alteria|Win32.Build.0 = alteria|Win32
		{1A8101AE-D897-4E84-A7BB-9A140EB5BA61}.Debug|Win32.ActiveCfg = Debug|Win32
		{1A8101AE-D897-4E84-A7BB-9A140EB5BA61}.Debug|Win32.Build.0 = Debug|Win32
		{1A8101AE-D897-4E84-A7BB-9A140EB5BA61}.Release|Win32.ActiveCfg = Release|Win32
		{1A8101AE-D897-4E84-A7BB-9A140EB5BA61}.Release|Win32.Build.0 = Release|Win32
		{1A8101AE-D897-4E84-A7BB-9A140EB5BA61}.Tactical|Win32.ActiveCfg = Tactical|Win32
		{1A8101AE-D897-4E84-A7BB-9A140EB5BA61}.Tactical|Win32.Build.0 = Tactical|Win32
		{275507E3-071F-4A7D-9680-7E7EC749F872}.Alteria_debug|Win32.ActiveCfg = Alteria_debug|Win32
		{275507E3-071F-4A7D-9680-7E7EC749F872}.Alteria_debug|Win32.Build.0 = Alteria_debug|Win32
		{275507E3-071F-4A7D-9680-7E7EC749F872}.alteria|Win32.ActiveCfg = alteria|Win32
		{275507E3-071F-4A7D-9680-7E7EC749F872}.alteria|Win32.Build.0 = alteria|Win32
		{275507E3-071F-4A7D-9680-7E7EC749F872}.Debug|Win32.ActiveCfg = Debug|Win32
		{275507E3-071F-4A7D-9680-7E7EC749F872}.Debug|Win32.Build.0 = Debug|Win32
		{275507E3-071F-4A7D-9680-7E7EC749F872}.Release|Win32.ActiveCfg = Release|Win32
		{275507E3-071F-4A7D-9680-7E7EC749F872}.Release|Win32.Build.0 = Release|Win32
		{275507E3-071F-4A7D-9680-7E7EC749F872}.Tactical|Win32.ActiveCfg = Tactical|Win32
		{275507E3-071F-4A7D-9680-7E7EC749F872}.Tactical|Win32.Build.0 = Tactical|Win32
		{D66F2B2A-B2AF-4FC5-ACDC-42E846ACE9E3}.Alteria_debug|Win32.ActiveCfg = Alteria_debug|Win32
		{D66F2B2A-B2AF-4FC5-ACDC-42E846ACE9E3}.Alteria_debug|Win32.Build.0 = Alteria_debug|Win32
		{D66F2B2A-B2AF-4FC5-ACDC-42E846ACE9E3}.alteria|Win32.ActiveCfg = alteria|Win32
		{D66F2B2A-B2AF-4FC5-ACDC-42E846ACE9E3}.alteria|Win32.Build.0 = alteria|Win32
		{D66F2B2A-B2AF-4FC5-ACDC-42E846ACE9E3}.Debug|Win32.ActiveCfg = Debug|Win32
		{D66F2B2A-B2AF-4FC5-ACDC-42E846ACE9E3}.Debug|Win32.Build.0 = Debug|Win32
		{D66F2B2A-B2AF-4FC5-ACDC-42E846ACE9E3}.Release|Win32.ActiveCfg = Release|Win32
		{D66F2B2A-B2AF-4FC5-ACDC-42E846ACE9E3}.Release|Win32.Build.0 = Release|Win32
		{D66F2B2A-B2AF-4FC5-ACDC-42E846ACE9E3}.Tactical|Win32.ActiveCfg = Tactical|Win32
		{D66F2B2A-B2AF-4FC5-ACDC-42E846ACE9E3}.Tactical|Win32.Build.0 = Tactical|Win32
		{8AE35F6D-2EE6-4674-BBB0-44597A0836C5}.Alteria_debug|Win32.ActiveCfg = Alteria_debug|Win32
		{8AE35F6D-2EE6-4674-BBB0-44597A0836C5}.Alteria_debug|Win32.Build.0 = Alteria_debug|Win32
		{8AE35F6D-2EE6-4674-BBB0-44597A0836C5}.alteria|Win32.ActiveCfg = alteria|Win32
		{8AE35F6D-2EE6-4674-BBB0-44597A0836C5}.alteria|Win32.Build.0 = alteria|Win32
		{8AE35F6D-2EE6-4674-BBB0-44597A0836C5}.Debug|Win32.ActiveCfg = Debug|Win32
		{8AE35F6D-2EE6-4674-BBB0-44597A0836C5}.Debug|Win32.Build.0 = Debug|Win32
		{8AE35F6D-2EE6-4674-BBB0-44597A0836C5}.Release|Win32.ActiveCfg = Release|Win32
		{8AE35F6D-2EE6-4674-BBB0-44597A0836C5}.Release|Win32.Build.0 = Release|Win32
		{8AE35F6D-2EE6-4674-BBB0-44597A0836C5}.Tactical|Win32.ActiveCfg = Tactical|Win32
		{8AE35F6D-2EE6-4674-BBB0-44597A0836C5}.Tactical|Win32.Build.0 = Tactical|Win32
		{DD3D57B0-5ED0-453B-80C6-1D10323EEC17}.Alteria_debug|Win32.ActiveCfg = Alteria_debug|Win32
		{DD3D57B0-5ED0-453B-80C6-1D10323EEC17}.Alteria_debug|Win32.Build.0 = Alteria_debug|Win32
		{DD3D57B0-5ED0-453B-80C6-1D10323EEC17}.alteria|Win32.ActiveCfg = alteria|Win32
		{DD3D57B0-5ED0-453B-80C6-1D10323EEC17}.alteria|Win32.Build.0 = alteria|Win32
		{DD3D57B0-5ED0-453B-80C6-1D10323EEC17}.Debug|Win32.ActiveCfg = Debug|Win32
		{DD3D57B0-5ED0-453B-80C6-1D10323EEC17}.Debug|Win32.Build.0 = Debug|Win32
		{DD3D57B0-5ED0-453B-80C6-1D10323EEC17}.Release|Win32.ActiveCfg = Release|Win32
		{DD3D57B0-5ED0-453B-80C6-1D10323EEC17}.Release|Win32.Build.0 = Release|Win32
		{DD3D57B0-5ED0-453B-80C6-1D10323EEC17}.Tactical|Win32.ActiveCfg = Tactical|Win32
		{DD3D57B0-5ED0-453B-80C6-1D10323EEC17}.Tactical|Win32.Build.0 = Tactical|Win32
		{E342E49D-18D6-4805-A197-3A116BB2DF46}.Alteria_debug|Win32.ActiveCfg = Alteria_debug|Win32
		{E342E49D-18D6-4805-A197-3A116BB2DF46}.Alteria_debug|Win32.Build.0 = Alteria_debug|Win32
		{E342E49D-18D6-4805-A197-3A116BB2DF46}.alteria|Win32.ActiveCfg = alteria|Win32
		{E342E49D-18D6-4805-A197-3A116BB2DF46}.alteria|Win32.Build.0 = alteria|Win32
		{E342E49D-18D6-4805-A197-3A116BB2DF46}.Debug|Win32.ActiveCfg = Debug|Win32
		{E342E49D-18D6-4805-A197-3A116BB2DF46}.Debug|Win32.Build.0 = Debug|Win32
		{E342E49D-18D6-4805-A197-3A116BB2DF46}.Release|Win32.ActiveCfg = Release|Win32
		{E342E49D-18D6-4805-A197-3A116BB2DF46}.Release|Win32.Build.0 = Release|Win32
		{E342E49D-18D6-4805-A197-3A116BB2DF46}.Tactical|Win32.ActiveCfg = Tactical|Win32
		{E342E49D-18D6-4805-A197-3A116BB2DF46}.Tactical|Win32.Build.0 = Tactical|Win32
		{FFB5B720-9A89-EF4F-8E25-3A715FB62AD9}.Alteria_debug|Win32.ActiveCfg = Alteria_debug|Win32
		{FFB5B720-9A89-EF4F-8E25-3A715FB62AD9}.Alteria_debug|Win32.Build.0 = Alteria_debug|Win32
		{FFB5B720-9A89-EF4F-8E25-3A715FB62AD9}.alteria|Win32.ActiveCfg = alteria|Win32
		{FFB5B720-9A89-EF4F-8E25-3A715FB62AD9}.alteria|Win32.Build.0 = alteria|Win32
		{FFB5B720-9A89-EF4F-8E25-3A715FB62AD9}.Debug|Win32.ActiveCfg = Debug|Win32
		{FFB5B720-9A89-EF4F-8E25-3A715FB62AD9}.Debug|Win32.Build.0 = Debug|Win32
		{FFB5B720-9A89-EF4F-8E25-3A715FB62AD9}.Release|Win32.ActiveCfg = Release|Win32
		{FFB5B720-9A89-EF4F-8E25-3A715FB62AD9}.Release|Win32.Build.0 = Release|Win32
		{FFB5B720-9A89-EF4F-8E25-3A715FB62AD9}.Tactical|Win32.ActiveCfg = Tactical|Win32
		{FFB5B720-9A89-EF4F-8E25-3A715FB62AD9}.Tactical|Win32.Build.0 = Tactical|Win32
		{78B079BD-9FC7-4B9E-B4A6-96DA0F00248B}.Alteria_debug|Win32.ActiveCfg = Alteria_debug|Win32
		{78B079BD-9FC7-4B9E-B4A6-96DA0F00248B}.Alteria_debug|Win32.Build.0 = Alteria_debug|Win32
		{78B079BD-9FC7-4B9E-B4A6-96DA0F00248B}.alteria|Win32.ActiveCfg = alteria|Win32
		{78B079BD-9FC7-4B9E-B4A6-96DA0F00248B}.alteria|Win32.Build.0 = alteria|Win32
		{78B079BD-9FC7-4B9E-B4A6-96DA0F00248B}.Debug|Win32.ActiveCfg = Debug|Win32
		{78B079BD-9FC7-4B9E-B4A6-96DA0F00248B}.Debug|Win32.Build.0 = Debug|Win32
		{78B079BD-9FC7-4B9E-B4A6-96DA0F00248B}.Release|Win32.ActiveCfg = Release|Win32
		{78B079BD-9FC7-4B9E-B4A6-96DA0F00248B}.Release|Win32.Build.0 = Release|Win32
		{78B079BD-9FC7-4B9E-B4A6-96DA0F00248B}.Tactical|Win32.ActiveCfg = Tactical|Win32
		{78B079BD-9FC7-4B9E-B4A6-96DA0F00248B}.Tactical|Win32.Build.0 = Tactical|Win32
	EndGlobalSection
	GlobalSection(SolutionProperties) = preSolution
		HideSolutionNode = FALSE
	EndGlobalSection
EndGlobal
