<?xml version="1.0" encoding="UTF-8" standalone="yes" ?>
<CodeBlocks_project_file>
	<FileVersion major="1" minor="6" />
	<Project>
		<Option title="FUSE" />
		<Option pch_mode="2" />
		<Option compiler="gcc" />
		<Build>
			<Target title="Windows">
				<Option output="fuse" prefix_auto="1" extension_auto="1" />
				<Option type="0" />
				<Option compiler="gcc" />
				<Compiler>
					<Add option="-Wall" />
					<Add option="-g" />
					<Add option="-DWINDOWS" />
					<Add directory="C:\Program Files\Common Files\GTK\2.0\include" />
					<Add directory="C:\Program Files\Common Files\GTK\2.0\include\gtk-2.0" />
					<Add directory="C:\Program Files\Common Files\GTK\2.0\include\cairo" />
					<Add directory="C:\Program Files\Common Files\GTK\2.0\include\glib-2.0" />
					<Add directory="C:\Program Files\Common Files\GTK\2.0\lib\glib-2.0\include" />
					<Add directory="C:\Program Files\Common Files\GTK\2.0\include\pango-1.0" />
					<Add directory="C:\Program Files\Common Files\GTK\2.0\lib\gtk-2.0\include" />
					<Add directory="C:\Program Files\Common Files\GTK\2.0\include\atk-1.0" />
					<Add directory="C:\Program Files\Common Files\GTK\2.0\include\libglade-2.0" />
				</Compiler>
				<Linker>
					<Add directory="C:\Program Files\Common Files\GTK\2.0\lib" />
				</Linker>
			</Target>
		</Build>
		<Compiler>
			<Add option="-mno-cygwin -mms-bitfields" />
		</Compiler>
		<Linker>
			<Add option='-L&quot;./&quot;' />
			<Add library="imm32" />
			<Add library="shell32" />
			<Add library="ole32" />
			<Add library="uuid" />
			<Add library="intl" />
			<Add library="glade-2.0.dll" />
			<Add library="pangowin32-1.0.dll" />
			<Add library="atk-1.0.dll" />
			<Add library="gdk_pixbuf-2.0.dll" />
			<Add library="gdk-win32-2.0.dll" />
			<Add library="glib-2.0.dll" />
			<Add library="gmodule-2.0.dll" />
			<Add library="gobject-2.0.dll" />
			<Add library="gthread-2.0.dll" />
			<Add library="gtk-win32-2.0.dll" />
			<Add library="pango-1.0.dll" />
			<Add library="wsock32" />
			<Add library="winspool" />
		</Linker>
		<Unit filename="BUILDING.TXT">
			<Option target="&lt;{~None~}&gt;" />
		</Unit>
		<Unit filename="config.c">
			<Option compilerVar="CC" />
		</Unit>
		<Unit filename="config.h" />
		<Unit filename="config\games.xml" />
		<Unit filename="fuse.rc">
			<Option compilerVar="WINDRES" />
		</Unit>
		<Unit filename="global.h" />
		<Unit filename="main.c">
			<Option compilerVar="CC" />
		</Unit>
		<Unit filename="models.c">
			<Option compilerVar="CC" />
		</Unit>
		<Unit filename="models.h" />
		<Unit filename="slink.c">
			<Option compilerVar="CC" />
		</Unit>
		<Unit filename="slink.h" />
		<Extensions>
			<code_completion />
			<envvars />
			<debugger />
			<lib_finder />
		</Extensions>
	</Project>
</CodeBlocks_project_file>
