{
  "name": "libelectron-flatpak-deps",
  "version": "2026.5",
  "lockfileVersion": 3,
  "requires": true,
  "packages": {
    "": {
      "name": "libelectron-flatpak-deps",
      "version": "2026.5",
      "dependencies": {
        "@ghostery/adblocker-electron": "^2.18.2",
        "cross-fetch": "^4.1.0",
        "electron-chrome-extensions": "^4.9.0",
        "electron-context-menu": "^4.1.2",
        "fs-extra": "^11.4.0"
      }
    },
    "node_modules/@ghostery/adblocker": {
      "version": "2.18.2",
      "resolved": "https://registry.npmjs.org/@ghostery/adblocker/-/adblocker-2.18.2.tgz",
      "integrity": "sha512-x6zEkf1dHSN0t4ExLmuN6nIgH0oAi6laoKe5yGsiIB4jkEvutea1PJgxgRUIjWfNbDRmkf4GjUtuqQFZgvQG1w==",
      "license": "MPL-2.0",
      "dependencies": {
        "@ghostery/adblocker-content": "^2.18.2",
        "@ghostery/adblocker-extended-selectors": "^2.18.2",
        "@ghostery/url-parser": "^1.3.1",
        "@remusao/guess-url-type": "^2.1.0",
        "@remusao/small": "^2.1.0",
        "@remusao/smaz": "^2.2.0",
        "tldts-experimental": "^7.4.9"
      }
    },
    "node_modules/@ghostery/adblocker-content": {
      "version": "2.18.2",
      "resolved": "https://registry.npmjs.org/@ghostery/adblocker-content/-/adblocker-content-2.18.2.tgz",
      "integrity": "sha512-TOe/b4KOBFEc9OjLG+wvgamGcSTIPSDBAL5YSa8lzjBsoSl8IDnfOjeJDldlLacsC/JEUMLkZIDDNknEolJVqg==",
      "license": "MPL-2.0",
      "dependencies": {
        "@ghostery/adblocker-extended-selectors": "^2.18.2"
      }
    },
    "node_modules/@ghostery/adblocker-electron": {
      "version": "2.18.2",
      "resolved": "https://registry.npmjs.org/@ghostery/adblocker-electron/-/adblocker-electron-2.18.2.tgz",
      "integrity": "sha512-lpPh7EmFLDIW+OyUKaYCUUUHwVfVXpwlwfxzo6Ilc+oH6N+rCTViT08olX4jXsfxezZ6zfyCG5SL9iLBU1wrng==",
      "license": "MPL-2.0",
      "dependencies": {
        "@ghostery/adblocker": "^2.18.2",
        "@ghostery/adblocker-electron-preload": "^2.18.2",
        "tldts-experimental": "^7.4.9"
      },
      "peerDependencies": {
        "electron": ">11"
      }
    },
    "node_modules/@ghostery/adblocker-electron-preload": {
      "version": "2.18.2",
      "resolved": "https://registry.npmjs.org/@ghostery/adblocker-electron-preload/-/adblocker-electron-preload-2.18.2.tgz",
      "integrity": "sha512-l941hNABXsUMx1oqVSHjRMQXWFCmlC/DF8rHBBOH+A0uxLjL6r62Fl6KsL7F4hxlg3dyWrDPEIcKzaxWqRdfOg==",
      "license": "MPL-2.0",
      "dependencies": {
        "@ghostery/adblocker-content": "^2.18.2"
      },
      "peerDependencies": {
        "electron": ">11"
      }
    },
    "node_modules/@ghostery/adblocker-extended-selectors": {
      "version": "2.18.2",
      "resolved": "https://registry.npmjs.org/@ghostery/adblocker-extended-selectors/-/adblocker-extended-selectors-2.18.2.tgz",
      "integrity": "sha512-doKNShBk3+czQL08UkrysHkCPeG/kNPlXvz3DH7SXxD9Y78ovWkEAhjeR+upoan3fomJJuK3dD+IrlofnjckYw==",
      "license": "MPL-2.0"
    },
    "node_modules/@ghostery/url-parser": {
      "version": "1.3.1",
      "resolved": "https://registry.npmjs.org/@ghostery/url-parser/-/url-parser-1.3.1.tgz",
      "integrity": "sha512-QKqGi+7aDQ4RcyHyCwgEk6B9vWnsBP4Q7htaN0zPJV3ATqTKEQDtSTb9c/AN586oJUDs24YXKcwFYwNweY/YjQ==",
      "license": "MPL-2.0",
      "dependencies": {
        "tldts-experimental": "^7.0.8"
      }
    },
    "node_modules/@remusao/guess-url-type": {
      "version": "2.1.0",
      "resolved": "https://registry.npmjs.org/@remusao/guess-url-type/-/guess-url-type-2.1.0.tgz",
      "integrity": "sha512-zI3dlTUxpjvx2GCxp9nLOSK5yEIqDCpxlAVGwb2Y49RKkS72oeNaxxo+VWS5+XQ5+Mf8Zfp9ZXIlk+G5eoEN8A==",
      "license": "MPL-2.0"
    },
    "node_modules/@remusao/small": {
      "version": "2.1.0",
      "resolved": "https://registry.npmjs.org/@remusao/small/-/small-2.1.0.tgz",
      "integrity": "sha512-Y1kyjZp7JU7dXdyOdxHVNfoTr1XLZJTyQP36/esZUU/WRWq9XY0PV2HsE3CsIHuaTf4pvgWv2pvzvnZ//UHIJQ==",
      "license": "MPL-2.0"
    },
    "node_modules/@remusao/smaz": {
      "version": "2.2.0",
      "resolved": "https://registry.npmjs.org/@remusao/smaz/-/smaz-2.2.0.tgz",
      "integrity": "sha512-eSd3Qs0ELP/e7tU1SI5RWXcCn9KjDgvBY+KtWbL4i2QvvHhJOfdIt4v0AA3S5BbLWAr5dCEC7C4LUfogDm6q/Q==",
      "license": "MPL-2.0",
      "dependencies": {
        "@remusao/smaz-compress": "^2.2.0",
        "@remusao/smaz-decompress": "^2.2.0"
      }
    },
    "node_modules/@remusao/smaz-compress": {
      "version": "2.2.0",
      "resolved": "https://registry.npmjs.org/@remusao/smaz-compress/-/smaz-compress-2.2.0.tgz",
      "integrity": "sha512-TXpTPgILRUYOt2rEe0+9PC12xULPvBqeMpmipzB9A7oM4fa9Ztvy9lLYzPTd7tiQEeoNa1pmxihpKfJtsxnM/w==",
      "license": "MPL-2.0",
      "dependencies": {
        "@remusao/trie": "^2.1.0"
      }
    },
    "node_modules/@remusao/smaz-decompress": {
      "version": "2.2.0",
      "resolved": "https://registry.npmjs.org/@remusao/smaz-decompress/-/smaz-decompress-2.2.0.tgz",
      "integrity": "sha512-ERAPwxPaA0/yg4hkNU7T2S+lnp9jj1sApcQMtOyROvOQyo+Zuh6Hn/oRcXr8mmjlYzyRaC7E6r3mT1nrdHR6pg==",
      "license": "MPL-2.0"
    },
    "node_modules/@remusao/trie": {
      "version": "2.1.0",
      "resolved": "https://registry.npmjs.org/@remusao/trie/-/trie-2.1.0.tgz",
      "integrity": "sha512-Er3Q8q0/2OcCJPQYJOPLmCuqO0wu7cav3SPtpjlxSbjFi1x+A1pZkkLD6c9q2rGEkGW/tkrRzfrhNMt8VQjzXg==",
      "license": "MPL-2.0"
    },
    "node_modules/ansi-regex": {
      "version": "6.3.0",
      "resolved": "https://registry.npmjs.org/ansi-regex/-/ansi-regex-6.3.0.tgz",
      "integrity": "sha512-WpDfL7NO6j7tH88IDBNVdUJxDh9nmCteAVW9dsep846XdwF4naCBK+/tGLX3KJgcpgMRXCFlTM2hKGoK9FsdrQ==",
      "license": "MIT",
      "engines": {
        "node": ">=12"
      },
      "funding": {
        "url": "https://github.com/chalk/ansi-regex?sponsor=1"
      }
    },
    "node_modules/ansi-styles": {
      "version": "6.2.3",
      "resolved": "https://registry.npmjs.org/ansi-styles/-/ansi-styles-6.2.3.tgz",
      "integrity": "sha512-4Dj6M28JB+oAH8kFkTLUo+a2jwOFkuqb3yucU0CANcRRUbxS0cP0nZYCGjcc3BNXwRIsUVmDGgzawme7zvJHvg==",
      "license": "MIT",
      "engines": {
        "node": ">=12"
      },
      "funding": {
        "url": "https://github.com/chalk/ansi-styles?sponsor=1"
      }
    },
    "node_modules/cli-truncate": {
      "version": "4.0.0",
      "resolved": "https://registry.npmjs.org/cli-truncate/-/cli-truncate-4.0.0.tgz",
      "integrity": "sha512-nPdaFdQ0h/GEigbPClz11D0v/ZJEwxmeVZGeMo3Z5StPtUTkA9o1lD6QwoirYiSDzbcwn2XcjwmCp68W1IS4TA==",
      "license": "MIT",
      "dependencies": {
        "slice-ansi": "^5.0.0",
        "string-width": "^7.0.0"
      },
      "engines": {
        "node": ">=18"
      },
      "funding": {
        "url": "https://github.com/sponsors/sindresorhus"
      }
    },
    "node_modules/cross-fetch": {
      "version": "4.1.0",
      "resolved": "https://registry.npmjs.org/cross-fetch/-/cross-fetch-4.1.0.tgz",
      "integrity": "sha512-uKm5PU+MHTootlWEY+mZ4vvXoCn4fLQxT9dSc1sXVMSFkINTJVN8cAQROpwcKm8bJ/c7rgZVIBWzH5T78sNZZw==",
      "license": "MIT",
      "dependencies": {
        "node-fetch": "^2.7.0"
      }
    },
    "node_modules/debug": {
      "version": "4.4.3",
      "resolved": "https://registry.npmjs.org/debug/-/debug-4.4.3.tgz",
      "integrity": "sha512-RGwwWnwQvkVfavKVt22FGLw+xYSdzARwm0ru6DhTVA3umU5hZc28V3kO4stgYryrTlLpuvgI9GiijltAjNbcqA==",
      "license": "MIT",
      "dependencies": {
        "ms": "^2.1.3"
      },
      "engines": {
        "node": ">=6.0"
      },
      "peerDependenciesMeta": {
        "supports-color": {
          "optional": true
        }
      }
    },
    "node_modules/electron-chrome-extensions": {
      "version": "4.9.0",
      "resolved": "https://registry.npmjs.org/electron-chrome-extensions/-/electron-chrome-extensions-4.9.0.tgz",
      "integrity": "sha512-4kLlh4sPPF0ieOy/Gw7A7KrmqB07megDLqOWAWXdFLAYu+2AeOGME6uOBa80NZLbKgTqBvrsVDZ+epdszRm/EQ==",
      "license": "SEE LICENSE IN LICENSE.md",
      "dependencies": {
        "debug": "^4.3.1"
      }
    },
    "node_modules/electron-context-menu": {
      "version": "4.1.2",
      "resolved": "https://registry.npmjs.org/electron-context-menu/-/electron-context-menu-4.1.2.tgz",
      "integrity": "sha512-9xYTUV0oRqKL50N9W71IrXNdVRB0LuBp3R1zkUdUc2wfIa2/QZwYYj5RLuO7Tn7ZSLVIaO3X6u+EIBK+cBvzrQ==",
      "license": "MIT",
      "dependencies": {
        "cli-truncate": "^4.0.0",
        "electron-dl": "^4.0.0",
        "electron-is-dev": "^3.0.1"
      },
      "engines": {
        "node": ">=18"
      },
      "funding": {
        "url": "https://github.com/sponsors/sindresorhus"
      }
    },
    "node_modules/electron-dl": {
      "version": "4.0.0",
      "resolved": "https://registry.npmjs.org/electron-dl/-/electron-dl-4.0.0.tgz",
      "integrity": "sha512-USiB9816d2JzKv0LiSbreRfTg5lDk3lWh0vlx/gugCO92ZIJkHVH0UM18EHvKeadErP6Xn4yiTphWzYfbA2Ong==",
      "license": "MIT",
      "dependencies": {
        "ext-name": "^5.0.0",
        "pupa": "^3.1.0",
        "unused-filename": "^4.0.1"
      },
      "engines": {
        "node": ">=18"
      },
      "funding": {
        "url": "https://github.com/sponsors/sindresorhus"
      }
    },
    "node_modules/electron-is-dev": {
      "version": "3.0.1",
      "resolved": "https://registry.npmjs.org/electron-is-dev/-/electron-is-dev-3.0.1.tgz",
      "integrity": "sha512-8TjjAh8Ec51hUi3o4TaU0mD3GMTOESi866oRNavj9A3IQJ7pmv+MJVmdZBFGw4GFT36X7bkqnuDNYvkQgvyI8Q==",
      "license": "MIT",
      "engines": {
        "node": ">=18"
      },
      "funding": {
        "url": "https://github.com/sponsors/sindresorhus"
      }
    },
    "node_modules/emoji-regex": {
      "version": "10.6.0",
      "resolved": "https://registry.npmjs.org/emoji-regex/-/emoji-regex-10.6.0.tgz",
      "integrity": "sha512-toUI84YS5YmxW219erniWD0CIVOo46xGKColeNQRgOzDorgBi1v4D71/OFzgD9GO2UGKIv1C3Sp8DAn0+j5w7A==",
      "license": "MIT"
    },
    "node_modules/escape-goat": {
      "version": "4.0.0",
      "resolved": "https://registry.npmjs.org/escape-goat/-/escape-goat-4.0.0.tgz",
      "integrity": "sha512-2Sd4ShcWxbx6OY1IHyla/CVNwvg7XwZVoXZHcSu9w9SReNP1EzzD5T8NWKIR38fIqEns9kDWKUQTXXAmlDrdPg==",
      "license": "MIT",
      "engines": {
        "node": ">=12"
      },
      "funding": {
        "url": "https://github.com/sponsors/sindresorhus"
      }
    },
    "node_modules/escape-string-regexp": {
      "version": "5.0.0",
      "resolved": "https://registry.npmjs.org/escape-string-regexp/-/escape-string-regexp-5.0.0.tgz",
      "integrity": "sha512-/veY75JbMK4j1yjvuUxuVsiS/hr/4iHs9FTT6cgTexxdE0Ly/glccBAkloH/DofkjRbZU3bnoj38mOmhkZ0lHw==",
      "license": "MIT",
      "engines": {
        "node": ">=12"
      },
      "funding": {
        "url": "https://github.com/sponsors/sindresorhus"
      }
    },
    "node_modules/ext-list": {
      "version": "2.2.2",
      "resolved": "https://registry.npmjs.org/ext-list/-/ext-list-2.2.2.tgz",
      "integrity": "sha512-u+SQgsubraE6zItfVA0tBuCBhfU9ogSRnsvygI7wht9TS510oLkBRXBsqopeUG/GBOIQyKZO9wjTqIu/sf5zFA==",
      "license": "MIT",
      "dependencies": {
        "mime-db": "^1.28.0"
      },
      "engines": {
        "node": ">=0.10.0"
      }
    },
    "node_modules/ext-name": {
      "version": "5.0.0",
      "resolved": "https://registry.npmjs.org/ext-name/-/ext-name-5.0.0.tgz",
      "integrity": "sha512-yblEwXAbGv1VQDmow7s38W77hzAgJAO50ztBLMcUyUBfxv1HC+LGwtiEN+Co6LtlqT/5uwVOxsD4TNIilWhwdQ==",
      "license": "MIT",
      "dependencies": {
        "ext-list": "^2.0.0",
        "sort-keys-length": "^1.0.0"
      },
      "engines": {
        "node": ">=4"
      }
    },
    "node_modules/fs-extra": {
      "version": "11.4.0",
      "resolved": "https://registry.npmjs.org/fs-extra/-/fs-extra-11.4.0.tgz",
      "integrity": "sha512-EQsFzMUJkCKGr1ePqlYADkIUmHW1s3ZXr5Yqy6wbGrfUCphpl2maM/kyOIRA2HpP3AaFQTZXD4ldjek+nccddA==",
      "license": "MIT",
      "dependencies": {
        "graceful-fs": "^4.2.0",
        "jsonfile": "^6.0.1",
        "universalify": "^2.0.0"
      },
      "engines": {
        "node": ">=14.14"
      }
    },
    "node_modules/get-east-asian-width": {
      "version": "1.6.0",
      "resolved": "https://registry.npmjs.org/get-east-asian-width/-/get-east-asian-width-1.6.0.tgz",
      "integrity": "sha512-QRbvDIbx6YklUe6RxeTeleMR0yv3cYH6PsPZHcnVn7xv7zO1BHN8r0XETu8n6Ye3Q+ahtSarc3WgtNWmehIBfA==",
      "license": "MIT",
      "engines": {
        "node": ">=18"
      },
      "funding": {
        "url": "https://github.com/sponsors/sindresorhus"
      }
    },
    "node_modules/graceful-fs": {
      "version": "4.2.11",
      "resolved": "https://registry.npmjs.org/graceful-fs/-/graceful-fs-4.2.11.tgz",
      "integrity": "sha512-RbJ5/jmFcNNCcDV5o9eTnBLJ/HszWV0P73bc+Ff4nS/rJj+YaS6IGyiOL0VoBYX+l1Wrl3k63h/KrH+nhJ0XvQ==",
      "license": "ISC"
    },
    "node_modules/is-fullwidth-code-point": {
      "version": "4.0.0",
      "resolved": "https://registry.npmjs.org/is-fullwidth-code-point/-/is-fullwidth-code-point-4.0.0.tgz",
      "integrity": "sha512-O4L094N2/dZ7xqVdrXhh9r1KODPJpFms8B5sGdJLPy664AgvXsreZUyCQQNItZRDlYug4xStLjNp/sz3HvBowQ==",
      "license": "MIT",
      "engines": {
        "node": ">=12"
      },
      "funding": {
        "url": "https://github.com/sponsors/sindresorhus"
      }
    },
    "node_modules/is-plain-obj": {
      "version": "1.1.0",
      "resolved": "https://registry.npmjs.org/is-plain-obj/-/is-plain-obj-1.1.0.tgz",
      "integrity": "sha512-yvkRyxmFKEOQ4pNXCmJG5AEQNlXJS5LaONXo5/cLdTZdWvsZ1ioJEonLGAosKlMWE8lwUy/bJzMjcw8az73+Fg==",
      "license": "MIT",
      "engines": {
        "node": ">=0.10.0"
      }
    },
    "node_modules/jsonfile": {
      "version": "6.2.1",
      "resolved": "https://registry.npmjs.org/jsonfile/-/jsonfile-6.2.1.tgz",
      "integrity": "sha512-zwOTdL3rFQ/lRdBnntKVOX6k5cKJwEc1HdilT71BWEu7J41gXIB2MRp+vxduPSwZJPWBxEzv4yH1wYLJGUHX4Q==",
      "license": "MIT",
      "dependencies": {
        "universalify": "^2.0.0"
      },
      "optionalDependencies": {
        "graceful-fs": "^4.1.6"
      }
    },
    "node_modules/mime-db": {
      "version": "1.54.0",
      "resolved": "https://registry.npmjs.org/mime-db/-/mime-db-1.54.0.tgz",
      "integrity": "sha512-aU5EJuIN2WDemCcAp2vFBfp/m4EAhWJnUNSSw0ixs7/kXbd6Pg64EmwJkNdFhB8aWt1sH2CTXrLxo/iAGV3oPQ==",
      "license": "MIT",
      "engines": {
        "node": ">= 0.6"
      }
    },
    "node_modules/ms": {
      "version": "2.1.3",
      "resolved": "https://registry.npmjs.org/ms/-/ms-2.1.3.tgz",
      "integrity": "sha512-6FlzubTLZG3J2a/NVCAleEhjzq5oxgHyaCU9yYXvcLsvoVaHJq/s5xXI6/XXP6tz7R9xAOtHnSO/tXtF3WRTlA==",
      "license": "MIT"
    },
    "node_modules/node-fetch": {
      "version": "2.7.0",
      "resolved": "https://registry.npmjs.org/node-fetch/-/node-fetch-2.7.0.tgz",
      "integrity": "sha512-c4FRfUm/dbcWZ7U+1Wq0AwCyFL+3nt2bEw05wfxSz+DWpWsitgmSgYmy2dQdWyKC1694ELPqMs/YzUSNozLt8A==",
      "license": "MIT",
      "dependencies": {
        "whatwg-url": "^5.0.0"
      },
      "engines": {
        "node": "4.x || >=6.0.0"
      },
      "peerDependencies": {
        "encoding": "^0.1.0"
      },
      "peerDependenciesMeta": {
        "encoding": {
          "optional": true
        }
      }
    },
    "node_modules/path-exists": {
      "version": "5.0.0",
      "resolved": "https://registry.npmjs.org/path-exists/-/path-exists-5.0.0.tgz",
      "integrity": "sha512-RjhtfwJOxzcFmNOi6ltcbcu4Iu+FL3zEj83dk4kAS+fVpTxXLO1b38RvJgT/0QwvV/L3aY9TAnyv0EOqW4GoMQ==",
      "license": "MIT",
      "engines": {
        "node": "^12.20.0 || ^14.13.1 || >=16.0.0"
      }
    },
    "node_modules/pupa": {
      "version": "3.3.0",
      "resolved": "https://registry.npmjs.org/pupa/-/pupa-3.3.0.tgz",
      "integrity": "sha512-LjgDO2zPtoXP2wJpDjZrGdojii1uqO0cnwKoIoUzkfS98HDmbeiGmYiXo3lXeFlq2xvne1QFQhwYXSUCLKtEuA==",
      "license": "MIT",
      "dependencies": {
        "escape-goat": "^4.0.0"
      },
      "engines": {
        "node": ">=12.20"
      },
      "funding": {
        "url": "https://github.com/sponsors/sindresorhus"
      }
    },
    "node_modules/slice-ansi": {
      "version": "5.0.0",
      "resolved": "https://registry.npmjs.org/slice-ansi/-/slice-ansi-5.0.0.tgz",
      "integrity": "sha512-FC+lgizVPfie0kkhqUScwRu1O/lF6NOgJmlCgK+/LYxDCTk8sGelYaHDhFcDN+Sn3Cv+3VSa4Byeo+IMCzpMgQ==",
      "license": "MIT",
      "dependencies": {
        "ansi-styles": "^6.0.0",
        "is-fullwidth-code-point": "^4.0.0"
      },
      "engines": {
        "node": ">=12"
      },
      "funding": {
        "url": "https://github.com/chalk/slice-ansi?sponsor=1"
      }
    },
    "node_modules/sort-keys": {
      "version": "1.1.2",
      "resolved": "https://registry.npmjs.org/sort-keys/-/sort-keys-1.1.2.tgz",
      "integrity": "sha512-vzn8aSqKgytVik0iwdBEi+zevbTYZogewTUM6dtpmGwEcdzbub/TX4bCzRhebDCRC3QzXgJsLRKB2V/Oof7HXg==",
      "license": "MIT",
      "dependencies": {
        "is-plain-obj": "^1.0.0"
      },
      "engines": {
        "node": ">=0.10.0"
      }
    },
    "node_modules/sort-keys-length": {
      "version": "1.0.1",
      "resolved": "https://registry.npmjs.org/sort-keys-length/-/sort-keys-length-1.0.1.tgz",
      "integrity": "sha512-GRbEOUqCxemTAk/b32F2xa8wDTs+Z1QHOkbhJDQTvv/6G3ZkbJ+frYWsTcc7cBB3Fu4wy4XlLCuNtJuMn7Gsvw==",
      "license": "MIT",
      "dependencies": {
        "sort-keys": "^1.0.0"
      },
      "engines": {
        "node": ">=0.10.0"
      }
    },
    "node_modules/string-width": {
      "version": "7.2.0",
      "resolved": "https://registry.npmjs.org/string-width/-/string-width-7.2.0.tgz",
      "integrity": "sha512-tsaTIkKW9b4N+AEj+SVA+WhJzV7/zMhcSu78mLKWSk7cXMOSHsBKFWUs0fWwq8QyK3MgJBQRX6Gbi4kYbdvGkQ==",
      "license": "MIT",
      "dependencies": {
        "emoji-regex": "^10.3.0",
        "get-east-asian-width": "^1.0.0",
        "strip-ansi": "^7.1.0"
      },
      "engines": {
        "node": ">=18"
      },
      "funding": {
        "url": "https://github.com/sponsors/sindresorhus"
      }
    },
    "node_modules/strip-ansi": {
      "version": "7.2.0",
      "resolved": "https://registry.npmjs.org/strip-ansi/-/strip-ansi-7.2.0.tgz",
      "integrity": "sha512-yDPMNjp4WyfYBkHnjIRLfca1i6KMyGCtsVgoKe/z1+6vukgaENdgGBZt+ZmKPc4gavvEZ5OgHfHdrazhgNyG7w==",
      "license": "MIT",
      "dependencies": {
        "ansi-regex": "^6.2.2"
      },
      "engines": {
        "node": ">=12"
      },
      "funding": {
        "url": "https://github.com/chalk/strip-ansi?sponsor=1"
      }
    },
    "node_modules/tldts-core": {
      "version": "7.4.11",
      "resolved": "https://registry.npmjs.org/tldts-core/-/tldts-core-7.4.11.tgz",
      "integrity": "sha512-CW3WN2rIIE/Of21mulhgnGOwoDyEFNygyIBOONSdyAuSATgMMUCpLeUlB+E8sAwA5xRV9hYPl+kyZ9citHCaKg==",
      "license": "MIT"
    },
    "node_modules/tldts-experimental": {
      "version": "7.4.11",
      "resolved": "https://registry.npmjs.org/tldts-experimental/-/tldts-experimental-7.4.11.tgz",
      "integrity": "sha512-xbNzxktqwNYSryb4FclztEZ+G5waTnMCVBnwoWD1Fq0gjOykgr0rQWe4/2TdIJYHbyjIol5pdNh7OmCRWxIltw==",
      "license": "MIT",
      "dependencies": {
        "tldts-core": "^7.4.11"
      }
    },
    "node_modules/tr46": {
      "version": "0.0.3",
      "resolved": "https://registry.npmjs.org/tr46/-/tr46-0.0.3.tgz",
      "integrity": "sha512-N3WMsuqV66lT30CrXNbEjx4GEwlow3v6rr4mCcv6prnfwhS01rkgyFdjPNBYd9br7LpXV1+Emh01fHnq2Gdgrw==",
      "license": "MIT"
    },
    "node_modules/universalify": {
      "version": "2.0.1",
      "resolved": "https://registry.npmjs.org/universalify/-/universalify-2.0.1.tgz",
      "integrity": "sha512-gptHNQghINnc/vTGIk0SOFGFNXw7JVrlRUtConJRlvaw6DuX0wO5Jeko9sWrMBhh+PsYAZ7oXAiOnf/UKogyiw==",
      "license": "MIT",
      "engines": {
        "node": ">= 10.0.0"
      }
    },
    "node_modules/unused-filename": {
      "version": "4.0.1",
      "resolved": "https://registry.npmjs.org/unused-filename/-/unused-filename-4.0.1.tgz",
      "integrity": "sha512-ZX6U1J04K1FoSUeoX1OicAhw4d0aro2qo+L8RhJkiGTNtBNkd/Fi1Wxoc9HzcVu6HfOzm0si/N15JjxFmD1z6A==",
      "license": "MIT",
      "dependencies": {
        "escape-string-regexp": "^5.0.0",
        "path-exists": "^5.0.0"
      },
      "engines": {
        "node": "^12.20.0 || ^14.13.1 || >=16.0.0"
      },
      "funding": {
        "url": "https://github.com/sponsors/sindresorhus"
      }
    },
    "node_modules/webidl-conversions": {
      "version": "3.0.1",
      "resolved": "https://registry.npmjs.org/webidl-conversions/-/webidl-conversions-3.0.1.tgz",
      "integrity": "sha512-2JAn3z8AR6rjK8Sm8orRC0h/bcl/DqL7tRPdGZ4I1CjdF+EaMLmYxBHyXuKL849eucPFhvBoxMsflfOb8kxaeQ==",
      "license": "BSD-2-Clause"
    },
    "node_modules/whatwg-url": {
      "version": "5.0.0",
      "resolved": "https://registry.npmjs.org/whatwg-url/-/whatwg-url-5.0.0.tgz",
      "integrity": "sha512-saE57nupxk6v3HY35+jzBwYa0rKSy0XR8JSxZPwgLr7ys0IBzhGviA1/TUGJLmSVqs8pb9AnvICXEuOHLprYTw==",
      "license": "MIT",
      "dependencies": {
        "tr46": "~0.0.3",
        "webidl-conversions": "^3.0.0"
      }
    }
  }
}
