# THIS IS AN AUTOGENERATED FILE. DO NOT EDIT THIS FILE DIRECTLY.
# yarn lockfile v1


"@flatpak-node-generator-tests/subdir@file:subdir":
  version "1.0.0"
  dependencies:
    arr-diff "github:jonschlinkert/arr-diff#f39e5f10f55fd0cc38fa686c6ebc11747815850c"
    array.chunk "git+https://github.com/zhiyelee/array.chunk.git"
    decamelize "git+https://github.com/sindresorhus/decamelize.git#da8552d335f9067354ca9b93378482eb9f1fb821"
    filled-array "github:sindresorhus/filled-array#v2.1.0"
    in-array "git+ssh://git@github.com:jonschlinkert/in-array.git"
    person-lib "gitlab:volodymyrkr/person-lib"
    sorted-object "github:domenic/sorted-object"
    text-encoding-shim "gitlab:t-affeldt/text-encoding-shim"
    unordered-array-remove "git+ssh://git@github.com:mafintosh/unordered-array-remove.git#9ecfd7d63da6e5499b3a530574aca2d8c826af93"

"arr-diff@github:jonschlinkert/arr-diff#f39e5f10f55fd0cc38fa686c6ebc11747815850c":
  version "4.0.0"
  resolved "https://codeload.github.com/jonschlinkert/arr-diff/tar.gz/f39e5f10f55fd0cc38fa686c6ebc11747815850c"

"array-range@github:mattdesl/array-range#master":
  version "1.0.1"
  resolved "https://codeload.github.com/mattdesl/array-range/tar.gz/d8b6fbdfc29caf846be02229325dfb4967f1dcd6"

"array.chunk@git+https://github.com/zhiyelee/array.chunk.git":
  version "1.1.0"
  resolved "git+https://github.com/zhiyelee/array.chunk.git#1ba8011a64448210e334a17642e395690a7164c0"

"decamelize@git+https://github.com/sindresorhus/decamelize.git#da8552d335f9067354ca9b93378482eb9f1fb821":
  version "6.0.0"
  resolved "git+https://github.com/sindresorhus/decamelize.git#da8552d335f9067354ca9b93378482eb9f1fb821"

"filled-array@github:sindresorhus/filled-array#v2.1.0":
  version "2.1.0"
  resolved "https://codeload.github.com/sindresorhus/filled-array/tar.gz/3529bc985247d0f84db4080fecd8276643838d0c"

"in-array@git+ssh://git@github.com:jonschlinkert/in-array.git":
  version "0.1.2"
  resolved "git+ssh://git@github.com:jonschlinkert/in-array.git#47a5e55362098646b56a3ec6775bd5198df1c7ed"

"is-empty-object@github:gummesson/is-empty-object#7b50c8eb4e14135631f7c94e01c0c8a36e5d75f8":
  version "1.1.1"
  resolved "https://codeload.github.com/gummesson/is-empty-object/tar.gz/7b50c8eb4e14135631f7c94e01c0c8a36e5d75f8"

"is-number@github:jonschlinkert/is-number":
  version "7.0.0"
  resolved "https://codeload.github.com/jonschlinkert/is-number/tar.gz/98e8ff1da1a89f93d1397a24d7413ed15421c139"

"person-lib@gitlab:volodymyrkr/person-lib":
  version "1.0.1"
  resolved "git+ssh://git@gitlab.com/volodymyrkr/person-lib.git#752fd1828b1eb3a9635bf725ae5e1704a375e524"

"sorted-object@github:domenic/sorted-object":
  version "2.0.1"
  resolved "https://codeload.github.com/domenic/sorted-object/tar.gz/87105deb13d4f4151b2abd1a78d27a5216e3e79d"

"text-encoding-shim@gitlab:t-affeldt/text-encoding-shim":
  version "1.0.5"
  resolved "git+ssh://git@gitlab.com/t-affeldt/text-encoding-shim.git#33b05934b4e4e6c65fc06260eaa3b2aa2909e7b5"

"to-camel-case@git+ssh://git@github.com:ianstormtaylor/to-camel-case.git":
  version "1.0.0"
  resolved "git+ssh://git@github.com:ianstormtaylor/to-camel-case.git#00a20429b600ddb6e4f8ff5b17c52914f40fe67d"
  dependencies:
    to-space-case "^1.0.0"

"to-capital-case@git+https://git@github.com/ianstormtaylor/to-capital-case.git":
  version "1.0.0"
  resolved "git+https://git@github.com/ianstormtaylor/to-capital-case.git#b82f61e00e099b01514e25177bb2d56d0f64b157"
  dependencies:
    to-space-case "^1.0.0"

to-no-case@^1.0.0:
  version "1.0.2"
  resolved "https://registry.yarnpkg.com/to-no-case/-/to-no-case-1.0.2.tgz#c722907164ef6b178132c8e69930212d1b4aa16a"
  integrity sha512-Z3g735FxuZY8rodxV4gH7LxClE4H0hTIyHNIHdk+vpQxjLm0cwnKXq/OFVZ76SOQmto7txVcwSCwkU5kqp+FKg==

"to-no-case@git+https://git@github.com/ianstormtaylor/to-no-case.git#9078578dcf394e63f34fd7c6666772192e537b90":
  version "1.0.0"
  resolved "git+https://git@github.com/ianstormtaylor/to-no-case.git#9078578dcf394e63f34fd7c6666772192e537b90"

to-space-case@^1.0.0:
  version "1.0.0"
  resolved "https://registry.yarnpkg.com/to-space-case/-/to-space-case-1.0.0.tgz#b052daafb1b2b29dc770cea0163e5ec0ebc9fc17"
  integrity sha512-rLdvwXZ39VOn1IxGL3V6ZstoTbwLRckQmn/U8ZDLuWwIXNpuZDhQ3AiRUlhTbOXFVE9C+dR51wM0CBDhk31VcA==
  dependencies:
    to-no-case "^1.0.0"

"to-space-case@git+ssh://git@github.com:ianstormtaylor/to-space-case.git#aa68213d1211745ce7c6c725ba072e6b13bef640":
  version "1.0.0"
  resolved "git+ssh://git@github.com:ianstormtaylor/to-space-case.git#aa68213d1211745ce7c6c725ba072e6b13bef640"
  dependencies:
    to-no-case "^1.0.0"

"unordered-array-remove@git+ssh://git@github.com:mafintosh/unordered-array-remove.git#9ecfd7d63da6e5499b3a530574aca2d8c826af93":
  version "1.0.1"
  resolved "git+ssh://git@github.com:mafintosh/unordered-array-remove.git#9ecfd7d63da6e5499b3a530574aca2d8c826af93"
